
Microsoft Visual Studio Solution File, Format Version 12.00
# Visual Studio Version 16
VisualStudioVersion = 16.0.30503.244
MinimumVisualStudioVersion = 10.0.40219.1
Project("{9A19103F-16F7-4668-BE54-9A1E7A4F7556}") = "BaseProject", "BaseProject\BaseProject.csproj", "{0C44F879-BF4A-41AB-9803-1F5BDC20F226}"
EndProject
Project("{9A19103F-16F7-4668-BE54-9A1E7A4F7556}") = "WebApp.StrategyDP", "WebApp.StrategyDP\WebApp.StrategyDP.csproj", "{098597C1-3FEC-433C-BC10-C0B810CD46A6}"
EndProject
Project("{9A19103F-16F7-4668-BE54-9A1E7A4F7556}") = "WebApp.ChainOfResponsibilityDP", "WebApp.ChainOfResponsibilityDP\WebApp.ChainOfResponsibilityDP.csproj", "{A09D9A55-909B-4D83-A276-10D6BDC233E5}"
EndProject
Project("{9A19103F-16F7-4668-BE54-9A1E7A4F7556}") = "WebApp.CommandDP", "WebApp.CommandDP\WebApp.CommandDP.csproj", "{50586DDB-1418-43DF-9E9D-C38C5BC31A30}"
EndProject
Global
	GlobalSection(SolutionConfigurationPlatforms) = preSolution
		Debug|Any CPU = Debug|Any CPU
		Release|Any CPU = Release|Any CPU
	EndGlobalSection
	GlobalSection(ProjectConfigurationPlatforms) = postSolution
		{0C44F879-BF4A-41AB-9803-1F5BDC20F226}.Debug|Any CPU.ActiveCfg = Debug|Any CPU
		{0C44F879-BF4A-41AB-9803-1F5BDC20F226}.Debug|Any CPU.Build.0 = Debug|Any CPU
		{0C44F879-BF4A-41AB-9803-1F5BDC20F226}.Release|Any CPU.ActiveCfg = Release|Any CPU
		{0C44F879-BF4A-41AB-9803-1F5BDC20F226}.Release|Any CPU.Build.0 = Release|Any CPU
		{098597C1-3FEC-433C-BC10-C0B810CD46A6}.Debug|Any CPU.ActiveCfg = Debug|Any CPU
		{098597C1-3FEC-433C-BC10-C0B810CD46A6}.Debug|Any CPU.Build.0 = Debug|Any CPU
		{098597C1-3FEC-433C-BC10-C0B810CD46A6}.Release|Any CPU.ActiveCfg = Release|Any CPU
		{098597C1-3FEC-433C-BC10-C0B810CD46A6}.Release|Any CPU.Build.0 = Release|Any CPU
		{A09D9A55-909B-4D83-A276-10D6BDC233E5}.Debug|Any CPU.ActiveCfg = Debug|Any CPU
		{A09D9A55-909B-4D83-A276-10D6BDC233E5}.Debug|Any CPU.Build.0 = Debug|Any CPU
		{A09D9A55-909B-4D83-A276-10D6BDC233E5}.Release|Any CPU.ActiveCfg = Release|Any CPU
		{A09D9A55-909B-4D83-A276-10D6BDC233E5}.Release|Any CPU.Build.0 = Release|Any CPU
		{50586DDB-1418-43DF-9E9D-C38C5BC31A30}.Debug|Any CPU.ActiveCfg = Debug|Any CPU
		{50586DDB-1418-43DF-9E9D-C38C5BC31A30}.Debug|Any CPU.Build.0 = Debug|Any CPU
		{50586DDB-1418-43DF-9E9D-C38C5BC31A30}.Release|Any CPU.ActiveCfg = Release|Any CPU
		{50586DDB-1418-43DF-9E9D-C38C5BC31A30}.Release|Any CPU.Build.0 = Release|Any CPU
	EndGlobalSection
	GlobalSection(SolutionProperties) = preSolution
		HideSolutionNode = FALSE
	EndGlobalSection
	GlobalSection(ExtensibilityGlobals) = postSolution
		SolutionGuid = {0DA89105-6A96-43A3-864C-32755CC96DCD}
	EndGlobalSection
EndGlobal
